
Microsoft Visual Studio Solution File, Format Version 12.00
# Visual Studio Version 17
VisualStudioVersion = 17.7.34202.233
MinimumVisualStudioVersion = 10.0.40219.1
Project("{FAE04EC0-301F-11D3-BF4B-00C04F79EFBC}") = "Rainbowcat_web_1", "Rainbowcat_web_1\Rainbowcat_web_1.csproj", "{7E44D82B-6EE8-4C66-9CA4-1BD26060276F}"
EndProject
Global
	GlobalSection(SolutionConfigurationPlatforms) = preSolution
		Debug|Any CPU = Debug|Any CPU
		Release|Any CPU = Release|Any CPU
	EndGlobalSection
	GlobalSection(ProjectConfigurationPlatforms) = postSolution
		{7E44D82B-6EE8-4C66-9CA4-1BD26060276F}.Debug|Any CPU.ActiveCfg = Debug|Any CPU
		{7E44D82B-6EE8-4C66-9CA4-1BD26060276F}.Debug|Any CPU.Build.0 = Debug|Any CPU
		{7E44D82B-6EE8-4C66-9CA4-1BD26060276F}.Release|Any CPU.ActiveCfg = Release|Any CPU
		{7E44D82B-6EE8-4C66-9CA4-1BD26060276F}.Release|Any CPU.Build.0 = Release|Any CPU
	EndGlobalSection
	GlobalSection(SolutionProperties) = preSolution
		HideSolutionNode = FALSE
	EndGlobalSection
	GlobalSection(ExtensibilityGlobals) = postSolution
		SolutionGuid = {B269476D-DF9A-4009-B55B-BE66184609C2}
	EndGlobalSection
EndGlobal
